
Microsoft Visual Studio Solution File, Format Version 12.00
# Visual Studio Version 16
VisualStudioVersion = 16.0.31005.135
MinimumVisualStudioVersion = 10.0.40219.1
Project("{9A19103F-16F7-4668-BE54-9A1E7A4F7556}") = "Entities", "Entities\Entities.csproj", "{4E243FB2-891B-4725-BCEB-96A36D7F6653}"
EndProject
Project("{9A19103F-16F7-4668-BE54-9A1E7A4F7556}") = "Business", "Business\Business.csproj", "{81231F4D-AC0B-4A30-9FC8-BF8BBC9F1146}"
EndProject
Project("{9A19103F-16F7-4668-BE54-9A1E7A4F7556}") = "DataAccess", "DataAccess\DataAccess.csproj", "{FBDC414D-7280-44E8-832B-BF0B49602EA8}"
EndProject
Project("{9A19103F-16F7-4668-BE54-9A1E7A4F7556}") = "ConsoleUI", "ConsoleUI\ConsoleUI.csproj", "{34A03B54-3C52-4684-93F9-60FE6F9282E4}"
EndProject
Project("{9A19103F-16F7-4668-BE54-9A1E7A4F7556}") = "Core", "Core\Core.csproj", "{450F831C-C144-4445-BE85-59D6FB8AB1FC}"
EndProject
Project("{FAE04EC0-301F-11D3-BF4B-00C04F79EFBC}") = "WebAPI", "WebAPI\WebAPI.csproj", "{6975DE11-C236-481E-94FC-6219FF32BD89}"
EndProject
Global
	GlobalSection(SolutionConfigurationPlatforms) = preSolution
		Debug|Any CPU = Debug|Any CPU
		Release|Any CPU = Release|Any CPU
	EndGlobalSection
	GlobalSection(ProjectConfigurationPlatforms) = postSolution
		{4E243FB2-891B-4725-BCEB-96A36D7F6653}.Debug|Any CPU.ActiveCfg = Debug|Any CPU
		{4E243FB2-891B-4725-BCEB-96A36D7F6653}.Debug|Any CPU.Build.0 = Debug|Any CPU
		{4E243FB2-891B-4725-BCEB-96A36D7F6653}.Release|Any CPU.ActiveCfg = Release|Any CPU
		{4E243FB2-891B-4725-BCEB-96A36D7F6653}.Release|Any CPU.Build.0 = Release|Any CPU
		{81231F4D-AC0B-4A30-9FC8-BF8BBC9F1146}.Debug|Any CPU.ActiveCfg = Debug|Any CPU
		{81231F4D-AC0B-4A30-9FC8-BF8BBC9F1146}.Debug|Any CPU.Build.0 = Debug|Any CPU
		{81231F4D-AC0B-4A30-9FC8-BF8BBC9F1146}.Release|Any CPU.ActiveCfg = Release|Any CPU
		{81231F4D-AC0B-4A30-9FC8-BF8BBC9F1146}.Release|Any CPU.Build.0 = Release|Any CPU
		{FBDC414D-7280-44E8-832B-BF0B49602EA8}.Debug|Any CPU.ActiveCfg = Debug|Any CPU
		{FBDC414D-7280-44E8-832B-BF0B49602EA8}.Debug|Any CPU.Build.0 = Debug|Any CPU
		{FBDC414D-7280-44E8-832B-BF0B49602EA8}.Release|Any CPU.ActiveCfg = Release|Any CPU
		{FBDC414D-7280-44E8-832B-BF0B49602EA8}.Release|Any CPU.Build.0 = Release|Any CPU
		{34A03B54-3C52-4684-93F9-60FE6F9282E4}.Debug|Any CPU.ActiveCfg = Debug|Any CPU
		{34A03B54-3C52-4684-93F9-60FE6F9282E4}.Debug|Any CPU.Build.0 = Debug|Any CPU
		{34A03B54-3C52-4684-93F9-60FE6F9282E4}.Release|Any CPU.ActiveCfg = Release|Any CPU
		{34A03B54-3C52-4684-93F9-60FE6F9282E4}.Release|Any CPU.Build.0 = Release|Any CPU
		{450F831C-C144-4445-BE85-59D6FB8AB1FC}.Debug|Any CPU.ActiveCfg = Debug|Any CPU
		{450F831C-C144-4445-BE85-59D6FB8AB1FC}.Debug|Any CPU.Build.0 = Debug|Any CPU
		{450F831C-C144-4445-BE85-59D6FB8AB1FC}.Release|Any CPU.ActiveCfg = Release|Any CPU
		{450F831C-C144-4445-BE85-59D6FB8AB1FC}.Release|Any CPU.Build.0 = Release|Any CPU
		{6975DE11-C236-481E-94FC-6219FF32BD89}.Debug|Any CPU.ActiveCfg = Debug|Any CPU
		{6975DE11-C236-481E-94FC-6219FF32BD89}.Debug|Any CPU.Build.0 = Debug|Any CPU
		{6975DE11-C236-481E-94FC-6219FF32BD89}.Release|Any CPU.ActiveCfg = Release|Any CPU
		{6975DE11-C236-481E-94FC-6219FF32BD89}.Release|Any CPU.Build.0 = Release|Any CPU
	EndGlobalSection
	GlobalSection(SolutionProperties) = preSolution
		HideSolutionNode = FALSE
	EndGlobalSection
	GlobalSection(ExtensibilityGlobals) = postSolution
		SolutionGuid = {4DB1B64D-6A89-4E2F-9B0F-FE675D71F7BA}
	EndGlobalSection
EndGlobal
